
Microsoft Visual Studio Solution File, Format Version 12.00
# Visual Studio 2013
VisualStudioVersion = 12.0.21005.1
MinimumVisualStudioVersion = 10.0.40219.1
Project("{FAE04EC0-301F-11D3-BF4B-00C04F79EFBC}") = "TUGABShield", "TUGABShield\TUGABShield.csproj", "{E305248A-9BEF-47BD-AB79-71DF479A2D45}"
EndProject
Project("{FAE04EC0-301F-11D3-BF4B-00C04F79EFBC}") = "GUI", "GUI\GUI.csproj", "{2D4B731F-916E-414C-91E8-F32453B33A48}"
EndProject
Project("{FAE04EC0-301F-11D3-BF4B-00C04F79EFBC}") = "DeviceWebVarna", "DeviceWebVarna\DeviceWebVarna.csproj", "{107C37E2-84D9-4D8C-B417-6708827B272A}"
EndProject
Global
	GlobalSection(SolutionConfigurationPlatforms) = preSolution
		Debug|Any CPU = Debug|Any CPU
		Release|Any CPU = Release|Any CPU
	EndGlobalSection
	GlobalSection(ProjectConfigurationPlatforms) = postSolution
		{E305248A-9BEF-47BD-AB79-71DF479A2D45}.Debug|Any CPU.ActiveCfg = Debug|Any CPU
		{E305248A-9BEF-47BD-AB79-71DF479A2D45}.Debug|Any CPU.Build.0 = Debug|Any CPU
		{E305248A-9BEF-47BD-AB79-71DF479A2D45}.Release|Any CPU.ActiveCfg = Release|Any CPU
		{E305248A-9BEF-47BD-AB79-71DF479A2D45}.Release|Any CPU.Build.0 = Release|Any CPU
		{2D4B731F-916E-414C-91E8-F32453B33A48}.Debug|Any CPU.ActiveCfg = Debug|Any CPU
		{2D4B731F-916E-414C-91E8-F32453B33A48}.Debug|Any CPU.Build.0 = Debug|Any CPU
		{2D4B731F-916E-414C-91E8-F32453B33A48}.Release|Any CPU.ActiveCfg = Release|Any CPU
		{2D4B731F-916E-414C-91E8-F32453B33A48}.Release|Any CPU.Build.0 = Release|Any CPU
		{107C37E2-84D9-4D8C-B417-6708827B272A}.Debug|Any CPU.ActiveCfg = Debug|Any CPU
		{107C37E2-84D9-4D8C-B417-6708827B272A}.Debug|Any CPU.Build.0 = Debug|Any CPU
		{107C37E2-84D9-4D8C-B417-6708827B272A}.Release|Any CPU.ActiveCfg = Release|Any CPU
		{107C37E2-84D9-4D8C-B417-6708827B272A}.Release|Any CPU.Build.0 = Release|Any CPU
	EndGlobalSection
	GlobalSection(SolutionProperties) = preSolution
		HideSolutionNode = FALSE
	EndGlobalSection
EndGlobal
